
Microsoft Visual Studio Solution File, Format Version 12.00
# Visual Studio Version 17
VisualStudioVersion = 17.13.35818.85 d17.13
MinimumVisualStudioVersion = 10.0.40219.1
Project("{FAE04EC0-301F-11D3-BF4B-00C04F79EFBC}") = "Lr.MRK.01.01", "Lr.MRK.01.01.csproj", "{559ABBFF-EB4A-494D-A94A-D1E81EAF5B07}"
EndProject
Global
	GlobalSection(SolutionConfigurationPlatforms) = preSolution
		Debug|Any CPU = Debug|Any CPU
		Release|Any CPU = Release|Any CPU
	EndGlobalSection
	GlobalSection(ProjectConfigurationPlatforms) = postSolution
		{559ABBFF-EB4A-494D-A94A-D1E81EAF5B07}.Debug|Any CPU.ActiveCfg = Debug|Any CPU
		{559ABBFF-EB4A-494D-A94A-D1E81EAF5B07}.Debug|Any CPU.Build.0 = Debug|Any CPU
		{559ABBFF-EB4A-494D-A94A-D1E81EAF5B07}.Release|Any CPU.ActiveCfg = Release|Any CPU
		{559ABBFF-EB4A-494D-A94A-D1E81EAF5B07}.Release|Any CPU.Build.0 = Release|Any CPU
	EndGlobalSection
	GlobalSection(SolutionProperties) = preSolution
		HideSolutionNode = FALSE
	EndGlobalSection
	GlobalSection(ExtensibilityGlobals) = postSolution
		SolutionGuid = {76B233C7-9884-4F5B-9AE4-E6B123B41544}
	EndGlobalSection
EndGlobal
