
Microsoft Visual Studio Solution File, Format Version 12.00
# Visual Studio Version 17
VisualStudioVersion = 17.13.35913.81 d17.13
MinimumVisualStudioVersion = 10.0.40219.1
Project("{FAE04EC0-301F-11D3-BF4B-00C04F79EFBC}") = "Задача 2.1", "Задача 2.1.csproj", "{27CAACBF-ED7F-4B1F-9A49-843360024A5B}"
EndProject
Global
	GlobalSection(SolutionConfigurationPlatforms) = preSolution
		Debug|Any CPU = Debug|Any CPU
		Release|Any CPU = Release|Any CPU
	EndGlobalSection
	GlobalSection(ProjectConfigurationPlatforms) = postSolution
		{27CAACBF-ED7F-4B1F-9A49-843360024A5B}.Debug|Any CPU.ActiveCfg = Debug|Any CPU
		{27CAACBF-ED7F-4B1F-9A49-843360024A5B}.Debug|Any CPU.Build.0 = Debug|Any CPU
		{27CAACBF-ED7F-4B1F-9A49-843360024A5B}.Release|Any CPU.ActiveCfg = Release|Any CPU
		{27CAACBF-ED7F-4B1F-9A49-843360024A5B}.Release|Any CPU.Build.0 = Release|Any CPU
	EndGlobalSection
	GlobalSection(SolutionProperties) = preSolution
		HideSolutionNode = FALSE
	EndGlobalSection
	GlobalSection(ExtensibilityGlobals) = postSolution
		SolutionGuid = {952A8A41-625C-4CC3-8628-3FA65086F0EA}
	EndGlobalSection
EndGlobal
