
Microsoft Visual Studio Solution File, Format Version 12.00
# Visual Studio Version 17
VisualStudioVersion = 17.13.35913.81 d17.13
MinimumVisualStudioVersion = 10.0.40219.1
Project("{FAE04EC0-301F-11D3-BF4B-00C04F79EFBC}") = "MDK 01.01", "MDK 01.01\MDK 01.01.csproj", "{431ED9C9-05A1-483C-8094-B8ACA1AFFE80}"
EndProject
Global
	GlobalSection(SolutionConfigurationPlatforms) = preSolution
		Debug|Any CPU = Debug|Any CPU
		Release|Any CPU = Release|Any CPU
	EndGlobalSection
	GlobalSection(ProjectConfigurationPlatforms) = postSolution
		{431ED9C9-05A1-483C-8094-B8ACA1AFFE80}.Debug|Any CPU.ActiveCfg = Debug|Any CPU
		{431ED9C9-05A1-483C-8094-B8ACA1AFFE80}.Debug|Any CPU.Build.0 = Debug|Any CPU
		{431ED9C9-05A1-483C-8094-B8ACA1AFFE80}.Release|Any CPU.ActiveCfg = Release|Any CPU
		{431ED9C9-05A1-483C-8094-B8ACA1AFFE80}.Release|Any CPU.Build.0 = Release|Any CPU
	EndGlobalSection
	GlobalSection(SolutionProperties) = preSolution
		HideSolutionNode = FALSE
	EndGlobalSection
	GlobalSection(ExtensibilityGlobals) = postSolution
		SolutionGuid = {17E4BC77-4927-4F69-BCAE-E53D1C9249E1}
	EndGlobalSection
EndGlobal
