
Microsoft Visual Studio Solution File, Format Version 12.00
# Visual Studio Version 17
VisualStudioVersion = 17.14.36414.22 d17.14
MinimumVisualStudioVersion = 10.0.40219.1
Project("{FAE04EC0-301F-11D3-BF4B-00C04F79EFBC}") = "Distant", "Distant\Distant.csproj", "{431345DE-9A83-4D2A-A2FD-4BA51F680B1F}"
EndProject
Global
	GlobalSection(SolutionConfigurationPlatforms) = preSolution
		Debug|Any CPU = Debug|Any CPU
		Release|Any CPU = Release|Any CPU
	EndGlobalSection
	GlobalSection(ProjectConfigurationPlatforms) = postSolution
		{431345DE-9A83-4D2A-A2FD-4BA51F680B1F}.Debug|Any CPU.ActiveCfg = Debug|Any CPU
		{431345DE-9A83-4D2A-A2FD-4BA51F680B1F}.Debug|Any CPU.Build.0 = Debug|Any CPU
		{431345DE-9A83-4D2A-A2FD-4BA51F680B1F}.Release|Any CPU.ActiveCfg = Release|Any CPU
		{431345DE-9A83-4D2A-A2FD-4BA51F680B1F}.Release|Any CPU.Build.0 = Release|Any CPU
	EndGlobalSection
	GlobalSection(SolutionProperties) = preSolution
		HideSolutionNode = FALSE
	EndGlobalSection
	GlobalSection(ExtensibilityGlobals) = postSolution
		SolutionGuid = {F06120BA-8E7C-42D8-90A1-3EE083391DF2}
	EndGlobalSection
EndGlobal
