
Microsoft Visual Studio Solution File, Format Version 12.00
# Visual Studio Version 17
VisualStudioVersion = 17.14.36414.22 d17.14
MinimumVisualStudioVersion = 10.0.40219.1
Project("{FAE04EC0-301F-11D3-BF4B-00C04F79EFBC}") = "13.11.25", "13.11.25\13.11.25.csproj", "{D199D7E7-B246-41B3-B101-558138564575}"
EndProject
Global
	GlobalSection(SolutionConfigurationPlatforms) = preSolution
		Debug|Any CPU = Debug|Any CPU
		Release|Any CPU = Release|Any CPU
	EndGlobalSection
	GlobalSection(ProjectConfigurationPlatforms) = postSolution
		{D199D7E7-B246-41B3-B101-558138564575}.Debug|Any CPU.ActiveCfg = Debug|Any CPU
		{D199D7E7-B246-41B3-B101-558138564575}.Debug|Any CPU.Build.0 = Debug|Any CPU
		{D199D7E7-B246-41B3-B101-558138564575}.Release|Any CPU.ActiveCfg = Release|Any CPU
		{D199D7E7-B246-41B3-B101-558138564575}.Release|Any CPU.Build.0 = Release|Any CPU
	EndGlobalSection
	GlobalSection(SolutionProperties) = preSolution
		HideSolutionNode = FALSE
	EndGlobalSection
	GlobalSection(ExtensibilityGlobals) = postSolution
		SolutionGuid = {28DEB9C9-4001-45C4-A66F-AD60EE0EBCBF}
	EndGlobalSection
EndGlobal
