
Microsoft Visual Studio Solution File, Format Version 12.00
# Visual Studio Version 17
VisualStudioVersion = 17.14.36414.22 d17.14
MinimumVisualStudioVersion = 10.0.40219.1
Project("{FAE04EC0-301F-11D3-BF4B-00C04F79EFBC}") = "13.11.25", "13.11.25\13.11.25.csproj", "{2DD89BE1-1ED1-4F53-9D59-14DE9DFDE76F}"
EndProject
Global
	GlobalSection(SolutionConfigurationPlatforms) = preSolution
		Debug|Any CPU = Debug|Any CPU
		Release|Any CPU = Release|Any CPU
	EndGlobalSection
	GlobalSection(ProjectConfigurationPlatforms) = postSolution
		{2DD89BE1-1ED1-4F53-9D59-14DE9DFDE76F}.Debug|Any CPU.ActiveCfg = Debug|Any CPU
		{2DD89BE1-1ED1-4F53-9D59-14DE9DFDE76F}.Debug|Any CPU.Build.0 = Debug|Any CPU
		{2DD89BE1-1ED1-4F53-9D59-14DE9DFDE76F}.Release|Any CPU.ActiveCfg = Release|Any CPU
		{2DD89BE1-1ED1-4F53-9D59-14DE9DFDE76F}.Release|Any CPU.Build.0 = Release|Any CPU
	EndGlobalSection
	GlobalSection(SolutionProperties) = preSolution
		HideSolutionNode = FALSE
	EndGlobalSection
	GlobalSection(ExtensibilityGlobals) = postSolution
		SolutionGuid = {674A5084-27B1-4068-85A2-2ABE1D8C26F0}
	EndGlobalSection
EndGlobal
